
Microsoft Visual Studio Solution File, Format Version 12.00
# Visual Studio Version 17
VisualStudioVersion = 17.1.32421.90
MinimumVisualStudioVersion = 10.0.40219.1
Project("{FAE04EC0-301F-11D3-BF4B-00C04F79EFBC}") = "Enumerations", "Enumerations\Enumerations.csproj", "{007C138F-F5CD-4682-BE43-06E73AB5DA48}"
EndProject
Global
	GlobalSection(SolutionConfigurationPlatforms) = preSolution
		Debug|Any CPU = Debug|Any CPU
		Release|Any CPU = Release|Any CPU
	EndGlobalSection
	GlobalSection(ProjectConfigurationPlatforms) = postSolution
		{007C138F-F5CD-4682-BE43-06E73AB5DA48}.Debug|Any CPU.ActiveCfg = Debug|Any CPU
		{007C138F-F5CD-4682-BE43-06E73AB5DA48}.Debug|Any CPU.Build.0 = Debug|Any CPU
		{007C138F-F5CD-4682-BE43-06E73AB5DA48}.Release|Any CPU.ActiveCfg = Release|Any CPU
		{007C138F-F5CD-4682-BE43-06E73AB5DA48}.Release|Any CPU.Build.0 = Release|Any CPU
	EndGlobalSection
	GlobalSection(SolutionProperties) = preSolution
		HideSolutionNode = FALSE
	EndGlobalSection
	GlobalSection(ExtensibilityGlobals) = postSolution
		SolutionGuid = {C9AD5F73-66B3-4E59-A69C-BAD4709624CF}
	EndGlobalSection
EndGlobal
