
Microsoft Visual Studio Solution File, Format Version 12.00
# Visual Studio Version 17
VisualStudioVersion = 17.1.32421.90
MinimumVisualStudioVersion = 10.0.40219.1
Project("{FAE04EC0-301F-11D3-BF4B-00C04F79EFBC}") = "Estudos", "Estudos\Estudos.csproj", "{651D8AEA-9BA8-4BE0-AB2C-99981DBCF565}"
EndProject
Global
	GlobalSection(SolutionConfigurationPlatforms) = preSolution
		Debug|Any CPU = Debug|Any CPU
		Release|Any CPU = Release|Any CPU
	EndGlobalSection
	GlobalSection(ProjectConfigurationPlatforms) = postSolution
		{651D8AEA-9BA8-4BE0-AB2C-99981DBCF565}.Debug|Any CPU.ActiveCfg = Debug|Any CPU
		{651D8AEA-9BA8-4BE0-AB2C-99981DBCF565}.Debug|Any CPU.Build.0 = Debug|Any CPU
		{651D8AEA-9BA8-4BE0-AB2C-99981DBCF565}.Release|Any CPU.ActiveCfg = Release|Any CPU
		{651D8AEA-9BA8-4BE0-AB2C-99981DBCF565}.Release|Any CPU.Build.0 = Release|Any CPU
	EndGlobalSection
	GlobalSection(SolutionProperties) = preSolution
		HideSolutionNode = FALSE
	EndGlobalSection
	GlobalSection(ExtensibilityGlobals) = postSolution
		SolutionGuid = {D29FA41B-0AEE-46C6-B555-70C3909B88B0}
	EndGlobalSection
EndGlobal
